
Microsoft Visual Studio Solution File, Format Version 12.00
# Visual Studio 15
VisualStudioVersion = 15.0.26730.10
MinimumVisualStudioVersion = 10.0.40219.1
Project("{FAE04EC0-301F-11D3-BF4B-00C04F79EFBC}") = "MatoPeli", "MatoPeli.csproj", "{1D2065E5-84AD-4522-91F9-3453AA94CBC7}"
EndProject
Global
	GlobalSection(SolutionConfigurationPlatforms) = preSolution
		Debug|Any CPU = Debug|Any CPU
		Release|Any CPU = Release|Any CPU
	EndGlobalSection
	GlobalSection(ProjectConfigurationPlatforms) = postSolution
		{1D2065E5-84AD-4522-91F9-3453AA94CBC7}.Debug|Any CPU.ActiveCfg = Debug|Any CPU
		{1D2065E5-84AD-4522-91F9-3453AA94CBC7}.Debug|Any CPU.Build.0 = Debug|Any CPU
		{1D2065E5-84AD-4522-91F9-3453AA94CBC7}.Release|Any CPU.ActiveCfg = Release|Any CPU
		{1D2065E5-84AD-4522-91F9-3453AA94CBC7}.Release|Any CPU.Build.0 = Release|Any CPU
	EndGlobalSection
	GlobalSection(SolutionProperties) = preSolution
		HideSolutionNode = FALSE
	EndGlobalSection
	GlobalSection(ExtensibilityGlobals) = postSolution
		SolutionGuid = {1E813501-E33A-42A6-B2D2-3B0898437D24}
	EndGlobalSection
EndGlobal
